
Microsoft Visual Studio Solution File, Format Version 12.00
Project("{2150E333-8FDC-42A3-9474-1A3956D46DE8}") = "src", "src", "{64A3CDE9-8116-44E7-A531-BFB77D829621}"
EndProject
Project("{2150E333-8FDC-42A3-9474-1A3956D46DE8}") = "test", "test", "{0E5B2705-6B64-454F-B395-EE9D340F7FC3}"
EndProject
Project("{2150E333-8FDC-42A3-9474-1A3956D46DE8}") = "Domain", "Domain", "{B3D5DD5A-5E15-4410-94B5-6E8030463587}"
EndProject
Project("{2150E333-8FDC-42A3-9474-1A3956D46DE8}") = "Application", "Application", "{F72F253E-BD00-4F49-BD79-C9DB0BB07E07}"
EndProject
Project("{2150E333-8FDC-42A3-9474-1A3956D46DE8}") = "Infrastructure", "Infrastructure", "{8B8388F3-542A-4D83-B9CD-EF557AF63290}"
EndProject
Project("{2150E333-8FDC-42A3-9474-1A3956D46DE8}") = "Presentation", "Presentation", "{089F798D-9E6A-4015-A5B7-41A49556510D}"
EndProject
Project("{2150E333-8FDC-42A3-9474-1A3956D46DE8}") = "Shared", "Shared", "{06157D5B-1BBC-464A-9B7D-1380BF717489}"
EndProject
Project("{FAE04EC0-301F-11D3-BF4B-00C04F79EFBC}") = "Cloupard.Domain", "src\Domain\Cloupard.Domain\Cloupard.Domain.csproj", "{CAA9A9C5-F5F3-4FF5-9748-8AE1027A072B}"
EndProject
Project("{FAE04EC0-301F-11D3-BF4B-00C04F79EFBC}") = "Cloupard.Application", "src\Application\Cloupard.Application\Cloupard.Application.csproj", "{51320717-4462-496D-AD55-E07D2BDDC94B}"
EndProject
Project("{FAE04EC0-301F-11D3-BF4B-00C04F79EFBC}") = "Cloupard.Infrastructure", "src\Infrastructure\Cloupard.Infrastructure\Cloupard.Infrastructure.csproj", "{C5668C49-183A-4862-BBB4-901BA75CEE8A}"
EndProject
Project("{FAE04EC0-301F-11D3-BF4B-00C04F79EFBC}") = "Cloupard.Api", "src\Presentation\Cloupard.Api\Cloupard.Api.csproj", "{BA70EE9E-E5A9-483A-9219-2DB9444FF65D}"
EndProject
Project("{FAE04EC0-301F-11D3-BF4B-00C04F79EFBC}") = "Cloupard.Common", "src\Shared\Cloupard.Common\Cloupard.Common.csproj", "{E7879F6C-F6D7-44C8-AD08-BFF1CAE907FC}"
EndProject
Project("{2150E333-8FDC-42A3-9474-1A3956D46DE8}") = "Services", "Services", "{AA752D14-7939-4780-A5E1-9167ED42C625}"
EndProject
Project("{FAE04EC0-301F-11D3-BF4B-00C04F79EFBC}") = "Cloupard.Services.Logger", "src\Services\Cloupard.Services.Logger\Cloupard.Services.Logger.csproj", "{926E7AA7-2D72-446E-8426-98D13169BD93}"
EndProject
Project("{FAE04EC0-301F-11D3-BF4B-00C04F79EFBC}") = "Cloupard.Services.Settings", "src\Services\Cloupard.Services.Settings\Cloupard.Services.Settings.csproj", "{6EC83810-1C68-4D65-ACD5-3A4270B385C0}"
EndProject
Project("{FAE04EC0-301F-11D3-BF4B-00C04F79EFBC}") = "Cloupard.MVC", "src\Presentation\Cloupard.MVC\Cloupard.MVC.csproj", "{4200BC06-C93C-4B19-851A-82247BABD85A}"
EndProject
Global
	GlobalSection(SolutionConfigurationPlatforms) = preSolution
		Debug|Any CPU = Debug|Any CPU
		Release|Any CPU = Release|Any CPU
	EndGlobalSection
	GlobalSection(NestedProjects) = preSolution
		{B3D5DD5A-5E15-4410-94B5-6E8030463587} = {64A3CDE9-8116-44E7-A531-BFB77D829621}
		{F72F253E-BD00-4F49-BD79-C9DB0BB07E07} = {64A3CDE9-8116-44E7-A531-BFB77D829621}
		{8B8388F3-542A-4D83-B9CD-EF557AF63290} = {64A3CDE9-8116-44E7-A531-BFB77D829621}
		{089F798D-9E6A-4015-A5B7-41A49556510D} = {64A3CDE9-8116-44E7-A531-BFB77D829621}
		{06157D5B-1BBC-464A-9B7D-1380BF717489} = {64A3CDE9-8116-44E7-A531-BFB77D829621}
		{CAA9A9C5-F5F3-4FF5-9748-8AE1027A072B} = {B3D5DD5A-5E15-4410-94B5-6E8030463587}
		{51320717-4462-496D-AD55-E07D2BDDC94B} = {F72F253E-BD00-4F49-BD79-C9DB0BB07E07}
		{C5668C49-183A-4862-BBB4-901BA75CEE8A} = {8B8388F3-542A-4D83-B9CD-EF557AF63290}
		{BA70EE9E-E5A9-483A-9219-2DB9444FF65D} = {089F798D-9E6A-4015-A5B7-41A49556510D}
		{E7879F6C-F6D7-44C8-AD08-BFF1CAE907FC} = {06157D5B-1BBC-464A-9B7D-1380BF717489}
		{AA752D14-7939-4780-A5E1-9167ED42C625} = {64A3CDE9-8116-44E7-A531-BFB77D829621}
		{926E7AA7-2D72-446E-8426-98D13169BD93} = {AA752D14-7939-4780-A5E1-9167ED42C625}
		{6EC83810-1C68-4D65-ACD5-3A4270B385C0} = {AA752D14-7939-4780-A5E1-9167ED42C625}
		{4200BC06-C93C-4B19-851A-82247BABD85A} = {089F798D-9E6A-4015-A5B7-41A49556510D}
	EndGlobalSection
	GlobalSection(ProjectConfigurationPlatforms) = postSolution
		{CAA9A9C5-F5F3-4FF5-9748-8AE1027A072B}.Debug|Any CPU.ActiveCfg = Debug|Any CPU
		{CAA9A9C5-F5F3-4FF5-9748-8AE1027A072B}.Debug|Any CPU.Build.0 = Debug|Any CPU
		{CAA9A9C5-F5F3-4FF5-9748-8AE1027A072B}.Release|Any CPU.ActiveCfg = Release|Any CPU
		{CAA9A9C5-F5F3-4FF5-9748-8AE1027A072B}.Release|Any CPU.Build.0 = Release|Any CPU
		{51320717-4462-496D-AD55-E07D2BDDC94B}.Debug|Any CPU.ActiveCfg = Debug|Any CPU
		{51320717-4462-496D-AD55-E07D2BDDC94B}.Debug|Any CPU.Build.0 = Debug|Any CPU
		{51320717-4462-496D-AD55-E07D2BDDC94B}.Release|Any CPU.ActiveCfg = Release|Any CPU
		{51320717-4462-496D-AD55-E07D2BDDC94B}.Release|Any CPU.Build.0 = Release|Any CPU
		{C5668C49-183A-4862-BBB4-901BA75CEE8A}.Debug|Any CPU.ActiveCfg = Debug|Any CPU
		{C5668C49-183A-4862-BBB4-901BA75CEE8A}.Debug|Any CPU.Build.0 = Debug|Any CPU
		{C5668C49-183A-4862-BBB4-901BA75CEE8A}.Release|Any CPU.ActiveCfg = Release|Any CPU
		{C5668C49-183A-4862-BBB4-901BA75CEE8A}.Release|Any CPU.Build.0 = Release|Any CPU
		{BA70EE9E-E5A9-483A-9219-2DB9444FF65D}.Debug|Any CPU.ActiveCfg = Debug|Any CPU
		{BA70EE9E-E5A9-483A-9219-2DB9444FF65D}.Debug|Any CPU.Build.0 = Debug|Any CPU
		{BA70EE9E-E5A9-483A-9219-2DB9444FF65D}.Release|Any CPU.ActiveCfg = Release|Any CPU
		{BA70EE9E-E5A9-483A-9219-2DB9444FF65D}.Release|Any CPU.Build.0 = Release|Any CPU
		{E7879F6C-F6D7-44C8-AD08-BFF1CAE907FC}.Debug|Any CPU.ActiveCfg = Debug|Any CPU
		{E7879F6C-F6D7-44C8-AD08-BFF1CAE907FC}.Debug|Any CPU.Build.0 = Debug|Any CPU
		{E7879F6C-F6D7-44C8-AD08-BFF1CAE907FC}.Release|Any CPU.ActiveCfg = Release|Any CPU
		{E7879F6C-F6D7-44C8-AD08-BFF1CAE907FC}.Release|Any CPU.Build.0 = Release|Any CPU
		{926E7AA7-2D72-446E-8426-98D13169BD93}.Debug|Any CPU.ActiveCfg = Debug|Any CPU
		{926E7AA7-2D72-446E-8426-98D13169BD93}.Debug|Any CPU.Build.0 = Debug|Any CPU
		{926E7AA7-2D72-446E-8426-98D13169BD93}.Release|Any CPU.ActiveCfg = Release|Any CPU
		{926E7AA7-2D72-446E-8426-98D13169BD93}.Release|Any CPU.Build.0 = Release|Any CPU
		{6EC83810-1C68-4D65-ACD5-3A4270B385C0}.Debug|Any CPU.ActiveCfg = Debug|Any CPU
		{6EC83810-1C68-4D65-ACD5-3A4270B385C0}.Debug|Any CPU.Build.0 = Debug|Any CPU
		{6EC83810-1C68-4D65-ACD5-3A4270B385C0}.Release|Any CPU.ActiveCfg = Release|Any CPU
		{6EC83810-1C68-4D65-ACD5-3A4270B385C0}.Release|Any CPU.Build.0 = Release|Any CPU
		{4200BC06-C93C-4B19-851A-82247BABD85A}.Debug|Any CPU.ActiveCfg = Debug|Any CPU
		{4200BC06-C93C-4B19-851A-82247BABD85A}.Debug|Any CPU.Build.0 = Debug|Any CPU
		{4200BC06-C93C-4B19-851A-82247BABD85A}.Release|Any CPU.ActiveCfg = Release|Any CPU
		{4200BC06-C93C-4B19-851A-82247BABD85A}.Release|Any CPU.Build.0 = Release|Any CPU
	EndGlobalSection
EndGlobal
